
Microsoft Visual Studio Solution File, Format Version 12.00
# Visual Studio Version 16
VisualStudioVersion = 16.0.29905.134
MinimumVisualStudioVersion = 10.0.40219.1
Project("{9A19103F-16F7-4668-BE54-9A1E7A4F7556}") = "AvifFileType", "AvifFileType.csproj", "{84697781-F28E-4F08-A4B3-0716529F7010}"
EndProject
Project("{2150E333-8FDC-42A3-9474-1A3956D46DE8}") = "Solution Items", "Solution Items", "{4E0BB65C-61D5-41EE-A967-B7FB7A204C2F}"
	ProjectSection(SolutionItems) = preProject
		.editorconfig = .editorconfig
	EndProjectSection
EndProject
Project("{8BC9CEB8-8B4A-11D0-8D11-00A0C91BC942}") = "AvifNative", "AvifNative\AvifSaveNative.vcxproj", "{F18F8F1D-35ED-4679-8D36-9A848928BA9E}"
EndProject
Global
	GlobalSection(SolutionConfigurationPlatforms) = preSolution
		Debug|Any CPU = Debug|Any CPU
		Debug|ARM64 = Debug|ARM64
		Debug|x64 = Debug|x64
		Debug|x86 = Debug|x86
		Release|Any CPU = Release|Any CPU
		Release|ARM64 = Release|ARM64
		Release|x64 = Release|x64
		Release|x86 = Release|x86
	EndGlobalSection
	GlobalSection(ProjectConfigurationPlatforms) = postSolution
		{84697781-F28E-4F08-A4B3-0716529F7010}.Debug|Any CPU.ActiveCfg = Debug|Any CPU
		{84697781-F28E-4F08-A4B3-0716529F7010}.Debug|Any CPU.Build.0 = Debug|Any CPU
		{84697781-F28E-4F08-A4B3-0716529F7010}.Debug|ARM64.ActiveCfg = Debug|Any CPU
		{84697781-F28E-4F08-A4B3-0716529F7010}.Debug|ARM64.Build.0 = Debug|Any CPU
		{84697781-F28E-4F08-A4B3-0716529F7010}.Debug|x64.ActiveCfg = Debug|Any CPU
		{84697781-F28E-4F08-A4B3-0716529F7010}.Debug|x64.Build.0 = Debug|Any CPU
		{84697781-F28E-4F08-A4B3-0716529F7010}.Debug|x86.ActiveCfg = Debug|Any CPU
		{84697781-F28E-4F08-A4B3-0716529F7010}.Debug|x86.Build.0 = Debug|Any CPU
		{84697781-F28E-4F08-A4B3-0716529F7010}.Release|Any CPU.ActiveCfg = Release|Any CPU
		{84697781-F28E-4F08-A4B3-0716529F7010}.Release|Any CPU.Build.0 = Release|Any CPU
		{84697781-F28E-4F08-A4B3-0716529F7010}.Release|ARM64.ActiveCfg = Release|Any CPU
		{84697781-F28E-4F08-A4B3-0716529F7010}.Release|ARM64.Build.0 = Release|Any CPU
		{84697781-F28E-4F08-A4B3-0716529F7010}.Release|x64.ActiveCfg = Release|Any CPU
		{84697781-F28E-4F08-A4B3-0716529F7010}.Release|x64.Build.0 = Release|Any CPU
		{84697781-F28E-4F08-A4B3-0716529F7010}.Release|x86.ActiveCfg = Release|Any CPU
		{84697781-F28E-4F08-A4B3-0716529F7010}.Release|x86.Build.0 = Release|Any CPU
		{F18F8F1D-35ED-4679-8D36-9A848928BA9E}.Debug|Any CPU.ActiveCfg = Debug|Win32
		{F18F8F1D-35ED-4679-8D36-9A848928BA9E}.Debug|ARM64.ActiveCfg = Debug|ARM64
		{F18F8F1D-35ED-4679-8D36-9A848928BA9E}.Debug|ARM64.Build.0 = Debug|ARM64
		{F18F8F1D-35ED-4679-8D36-9A848928BA9E}.Debug|x64.ActiveCfg = Debug|x64
		{F18F8F1D-35ED-4679-8D36-9A848928BA9E}.Debug|x64.Build.0 = Debug|x64
		{F18F8F1D-35ED-4679-8D36-9A848928BA9E}.Debug|x86.ActiveCfg = Debug|Win32
		{F18F8F1D-35ED-4679-8D36-9A848928BA9E}.Debug|x86.Build.0 = Debug|Win32
		{F18F8F1D-35ED-4679-8D36-9A848928BA9E}.Release|Any CPU.ActiveCfg = Release|Win32
		{F18F8F1D-35ED-4679-8D36-9A848928BA9E}.Release|ARM64.ActiveCfg = Release|ARM64
		{F18F8F1D-35ED-4679-8D36-9A848928BA9E}.Release|ARM64.Build.0 = Release|ARM64
		{F18F8F1D-35ED-4679-8D36-9A848928BA9E}.Release|x64.ActiveCfg = Release|x64
		{F18F8F1D-35ED-4679-8D36-9A848928BA9E}.Release|x64.Build.0 = Release|x64
		{F18F8F1D-35ED-4679-8D36-9A848928BA9E}.Release|x86.ActiveCfg = Release|Win32
		{F18F8F1D-35ED-4679-8D36-9A848928BA9E}.Release|x86.Build.0 = Release|Win32
	EndGlobalSection
	GlobalSection(SolutionProperties) = preSolution
		HideSolutionNode = FALSE
	EndGlobalSection
	GlobalSection(ExtensibilityGlobals) = postSolution
		SolutionGuid = {FA0E2945-4354-4E12-9351-1B4F3682D60F}
	EndGlobalSection
EndGlobal
